// !$*UTF8*$!
{
	archiveVersion = 1;
	classes = {
	};
	objectVersion = 46;
	objects = {

/* Begin PBXBuildFile section */
		7EB346A11C4D156C000E11B2 /* AppDelegate.swift in Sources */ = {isa = PBXBuildFile; fileRef = 7EB346A01C4D156C000E11B2 /* AppDelegate.swift */; };
		7EB346A31C4D156C000E11B2 /* ViewController.swift in Sources */ = {isa = PBXBuildFile; fileRef = 7EB346A21C4D156C000E11B2 /* ViewController.swift */; };
		7EB346A61C4D156C000E11B2 /* Main.storyboard in Resources */ = {isa = PBXBuildFile; fileRef = 7EB346A41C4D156C000E11B2 /* Main.storyboard */; };
		7EB346A81C4D156C000E11B2 /* Assets.xcassets in Resources */ = {isa = PBXBuildFile; fileRef = 7EB346A71C4D156C000E11B2 /* Assets.xcassets */; };
		7EB346AB1C4D156C000E11B2 /* LaunchScreen.storyboard in Resources */ = {isa = PBXBuildFile; fileRef = 7EB346A91C4D156C000E11B2 /* LaunchScreen.storyboard */; };
/* End PBXBuildFile section */

/* Begin PBXFileReference section */
		7EB3469D1C4D156C000E11B2 /* HideAlien.app */ = {isa = PBXFileReference; explicitFileType = wrapper.application; includeInIndex = 0; path = HideAlien.app; sourceTree = BUILT_PRODUCTS_DIR; };
		7EB346A01C4D156C000E11B2 /* AppDelegate.swift */ = {isa = PBXFileReference; lastKnownFileType = sourcecode.swift; path = AppDelegate.swift; sourceTree = "<group>"; };
		7EB346A21C4D156C000E11B2 /* ViewController.swift */ = {isa = PBXFileReference; lastKnownFileType = sourcecode.swift; path = ViewController.swift; sourceTree = "<group>"; };
		7EB346A51C4D156C000E11B2 /* Base */ = {isa = PBXFileReference; lastKnownFileType = file.storyboard; name = Base; path = Base.lproj/Main.storyboard; sourceTree = "<group>"; };
		7EB346A71C4D156C000E11B2 /* Assets.xcassets */ = {isa = PBXFileReference; lastKnownFileType = folder.assetcatalog; path = Assets.xcassets; sourceTree = "<group>"; };
		7EB346AA1C4D156C000E11B2 /* Base */ = {isa = PBXFileReference; lastKnownFileType = file.storyboard; name = Base; path = Base.lproj/LaunchScreen.storyboard; sourceTree = "<group>"; };
		7EB346AC1C4D156C000E11B2 /* Info.plist */ = {isa = PBXFileReference; lastKnownFileType = text.plist.xml; path = Info.plist; sourceTree = "<group>"; };
/* End PBXFileReference section */

/* Begin PBXFrameworksBuildPhase section */
		7EB3469A1C4D156C000E11B2 /* Frameworks */ = {
			isa = PBXFrameworksBuildPhase;
			buildActionMask = 2147483647;
			files = (
			);
			runOnlyForDeploymentPostprocessing = 0;
		};
/* End PBXFrameworksBuildPhase section */

/* Begin PBXGroup section */
		7EB346941C4D156C000E11B2 = {
			isa = PBXGroup;
			children = (
				7EB3469F1C4D156C000E11B2 /* HideAlien */,
				7EB3469E1C4D156C000E11B2 /* Products */,
			);
			sourceTree = "<group>";
		};
		7EB3469E1C4D156C000E11B2 /* Products */ = {
			isa = PBXGroup;
			children = (
				7EB3469D1C4D156C000E11B2 /* HideAlien.app */,
			);
			name = Products;
			sourceTree = "<group>";
		};
		7EB3469F1C4D156C000E11B2 /* HideAlien */ = {
			isa = PBXGroup;
			children = (
				7EB346A01C4D156C000E11B2 /* AppDelegate.swift */,
				7EB346A21C4D156C000E11B2 /* ViewController.swift */,
				7EB346A41C4D156C000E11B2 /* Main.storyboard */,
				7EB346A71C4D156C000E11B2 /* Assets.xcassets */,
				7EB346A91C4D156C000E11B2 /* LaunchScreen.storyboard */,
				7EB346AC1C4D156C000E11B2 /* Info.plist */,
			);
			path = HideAlien;
			sourceTree = "<group>";
		};
/* End PBXGroup section */

/* Begin PBXNativeTarget section */
		7EB3469C1C4D156C000E11B2 /* HideAlien */ = {
			isa = PBXNativeTarget;
			buildConfigurationList = 7EB346AF1C4D156C000E11B2 /* Build configuration list for PBXNativeTarget "HideAlien" */;
			buildPhases = (
				7EB346991C4D156C000E11B2 /* Sources */,
				7EB3469A1C4D156C000E11B2 /* Frameworks */,
				7EB3469B1C4D156C000E11B2 /* Resources */,
			);
			buildRules = (
			);
			dependencies = (
			);
			name = HideAlien;
			productName = HideAlien;
			productReference = 7EB3469D1C4D156C000E11B2 /* HideAlien.app */;
			productType = "com.apple.product-type.application";
		};
/* End PBXNativeTarget section */

/* Begin PBXProject section */
		7EB346951C4D156C000E11B2 /* Project object */ = {
			isa = PBXProject;
			attributes = {
				LastSwiftUpdateCheck = 0730;
				LastUpgradeCheck = 0730;
				ORGANIZATIONNAME = "Sarah Johnson";
				TargetAttributes = {
					7EB3469C1C4D156C000E11B2 = {
						CreatedOnToolsVersion = 7.3;
					};
				};
			};
			buildConfigurationList = 7EB346981C4D156C000E11B2 /* Build configuration list for PBXProject "HideAlien" */;
			compatibilityVersion = "Xcode 3.2";
			developmentRegion = English;
			hasScannedForEncodings = 0;
			knownRegions = (
				en,
				Base,
			);
			mainGroup = 7EB346941C4D156C000E11B2;
			productRefGroup = 7EB3469E1C4D156C000E11B2 /* Products */;
			projectDirPath = "";
			projectRoot = "";
			targets = (
				7EB3469C1C4D156C000E11B2 /* HideAlien */,
			);
		};
/* End PBXProject section */

/* Begin PBXResourcesBuildPhase section */
		7EB3469B1C4D156C000E11B2 /* Resources */ = {
			isa = PBXResourcesBuildPhase;
			buildActionMask = 2147483647;
			files = (
				7EB346AB1C4D156C000E11B2 /* LaunchScreen.storyboard in Resources */,
				7EB346A81C4D156C000E11B2 /* Assets.xcassets in Resources */,
				7EB346A61C4D156C000E11B2 /* Main.storyboard in Resources */,
			);
			runOnlyForDeploymentPostprocessing = 0;
		};
/* End PBXResourcesBuildPhase section */

/* Begin PBXSourcesBuildPhase section */
		7EB346991C4D156C000E11B2 /* Sources */ = {
			isa = PBXSourcesBuildPhase;
			buildActionMask = 2147483647;
			files = (
				7EB346A31C4D156C000E11B2 /* ViewController.swift in Sources */,
				7EB346A11C4D156C000E11B2 /* AppDelegate.swift in Sources */,
			);
			runOnlyForDeploymentPostprocessing = 0;
		};
/* End PBXSourcesBuildPhase section */

/* Begin PBXVariantGroup section */
		7EB346A41C4D156C000E11B2 /* Main.storyboard */ = {
			isa = PBXVariantGroup;
			children = (
				7EB346A51C4D156C000E11B2 /* Base */,
			);
			name = Main.storyboard;
			sourceTree = "<group>";
		};
		7EB346A91C4D156C000E11B2 /* LaunchScreen.storyboard */ = {
			isa = PBXVariantGroup;
			children = (
				7EB346AA1C4D156C000E11B2 /* Base */,
			);
			name = LaunchScreen.storyboard;
			sourceTree = "<group>";
		};
/* End PBXVariantGroup section */

/* Begin XCBuildConfiguration section */
		7EB346AD1C4D156C000E11B2 /* Debug */ = {
			isa = XCBuildConfiguration;
			buildSettings = {
				ALWAYS_SEARCH_USER_PATHS = NO;
				CLANG_CXX_LANGUAGE_STANDARD = "gnu++0x";
				CLANG_CXX_LIBRARY = "libc++";
				CLANG_ENABLE_MODULES = YES;
				CLANG_ENABLE_OBJC_ARC = YES;
				CLANG_WARN_BOOL_CONVERSION = YES;
				CLANG_WARN_CONSTANT_CONVERSION = YES;
				CLANG_WARN_DIRECT_OBJC_ISA_USAGE = YES_ERROR;
				CLANG_WARN_EMPTY_BODY = YES;
				CLANG_WARN_ENUM_CONVERSION = YES;
				CLANG_WARN_INT_CONVERSION = YES;
				CLANG_WARN_OBJC_ROOT_CLASS = YES_ERROR;
				CLANG_WARN_UNREACHABLE_CODE = YES;
				CLANG_WARN__DUPLICATE_METHOD_MATCH = YES;
				"CODE_SIGN_IDENTITY[sdk=iphoneos*]" = "iPhone Developer";
				COPY_PHASE_STRIP = NO;
				DEBUG_INFORMATION_FORMAT = dwarf;
				ENABLE_STRICT_OBJC_MSGSEND = YES;
				ENABLE_TESTABILITY = YES;
				GCC_C_LANGUAGE_STANDARD = gnu99;
				GCC_DYNAMIC_NO_PIC = NO;
				GCC_NO_COMMON_BLOCKS = YES;
				GCC_OPTIMIZATION_LEVEL = 0;
				GCC_PREPROCESSOR_DEFINITIONS = (
					"DEBUG=1",
					"$(inherited)",
				);
				GCC_WARN_64_TO_32_BIT_CONVERSION = YES;
				GCC_WARN_ABOUT_RETURN_TYPE = YES_ERROR;
				GCC_WARN_UNDECLARED_SELECTOR = YES;
				GCC_WARN_UNINITIALIZED_AUTOS = YES_AGGRESSIVE;
				GCC_WARN_UNUSED_FUNCTION = YES;
				GCC_WARN_UNUSED_VARIABLE = YES;
				IPHONEOS_DEPLOYMENT_TARGET = 9.3;
				MTL_ENABLE_DEBUG_INFO = YES;
				ONLY_ACTIVE_ARCH = YES;
				SDKROOT = iphoneos;
				SWIFT_OPTIMIZATION_LEVEL = "-Onone";
			};
			name = Debug;
		};
		7EB346AE1C4D156C000E11B2 /* Release */ = {
			isa = XCBuildConfiguration;
			buildSettings = {
				ALWAYS_SEARCH_USER_PATHS = NO;
				CLANG_CXX_LANGUAGE_STANDARD = "gnu++0x";
				CLANG_CXX_LIBRARY = "libc++";
				CLANG_ENABLE_MODULES = YES;
				CLANG_ENABLE_OBJC_ARC = YES;
				CLANG_WARN_BOOL_CONVERSION = YES;
				CLANG_WARN_CONSTANT_CONVERSION = YES;
				CLANG_WARN_DIRECT_OBJC_ISA_USAGE = YES_ERROR;
				CLANG_WARN_EMPTY_BODY = YES;
				CLANG_WARN_ENUM_CONVERSION = YES;
				CLANG_WARN_INT_CONVERSION = YES;
				CLANG_WARN_OBJC_ROOT_CLASS = YES_ERROR;
				CLANG_WARN_UNREACHABLE_CODE = YES;
				CLANG_WARN__DUPLICATE_METHOD_MATCH = YES;
				"CODE_SIGN_IDENTITY[sdk=iphoneos*]" = "iPhone Developer";
				COPY_PHASE_STRIP = NO;
				DEBUG_INFORMATION_FORMAT = "dwarf-with-dsym";
				ENABLE_NS_ASSERTIONS = NO;
				ENABLE_STRICT_OBJC_MSGSEND = YES;
				GCC_C_LANGUAGE_STANDARD = gnu99;
				GCC_NO_COMMON_BLOCKS = YES;
				GCC_WARN_64_TO_32_BIT_CONVERSION = YES;
				GCC_WARN_ABOUT_RETURN_TYPE = YES_ERROR;
				GCC_WARN_UNDECLARED_SELECTOR = YES;
				GCC_WARN_UNINITIALIZED_AUTOS = YES_AGGRESSIVE;
				GCC_WARN_UNUSED_FUNCTION = YES;
				GCC_WARN_UNUSED_VARIABLE = YES;
				IPHONEOS_DEPLOYMENT_TARGET = 9.3;
				MTL_ENABLE_DEBUG_INFO = NO;
				SDKROOT = iphoneos;
				VALIDATE_PRODUCT = YES;
			};
			name = Release;
		};
		7EB346B01C4D156C000E11B2 /* Debug */ = {
			isa = XCBuildConfiguration;
			buildSettings = {
				ASSETCATALOG_COMPILER_APPICON_NAME = AppIcon;
				INFOPLIST_FILE = HideAlien/Info.plist;
				LD_RUNPATH_SEARCH_PATHS = "$(inherited) @executable_path/Frameworks";
				PRODUCT_BUNDLE_IDENTIFIER = com.openDoor.HideAlien;
				PRODUCT_NAME = "$(TARGET_NAME)";
			};
			name = Debug;
		};
		7EB346B11C4D156C000E11B2 /* Release */ = {
			isa = XCBuildConfiguration;
			buildSettings = {
				ASSETCATALOG_COMPILER_APPICON_NAME = AppIcon;
				INFOPLIST_FILE = HideAlien/Info.plist;
				LD_RUNPATH_SEARCH_PATHS = "$(inherited) @executable_path/Frameworks";
				PRODUCT_BUNDLE_IDENTIFIER = com.openDoor.HideAlien;
				PRODUCT_NAME = "$(TARGET_NAME)";
			};
			name = Release;
		};
/* End XCBuildConfiguration section */

/* Begin XCConfigurationList section */
		7EB346981C4D156C000E11B2 /* Build configuration list for PBXProject "HideAlien" */ = {
			isa = XCConfigurationList;
			buildConfigurations = (
				7EB346AD1C4D156C000E11B2 /* Debug */,
				7EB346AE1C4D156C000E11B2 /* Release */,
			);
			defaultConfigurationIsVisible = 0;
			defaultConfigurationName = Release;
		};
		7EB346AF1C4D156C000E11B2 /* Build configuration list for PBXNativeTarget "HideAlien" */ = {
			isa = XCConfigurationList;
			buildConfigurations = (
				7EB346B01C4D156C000E11B2 /* Debug */,
				7EB346B11C4D156C000E11B2 /* Release */,
			);
			defaultConfigurationIsVisible = 0;
		};
/* End XCConfigurationList section */
	};
	rootObject = 7EB346951C4D156C000E11B2 /* Project object */;
}
